
Microsoft Visual Studio Solution File, Format Version 12.00
# Visual Studio Version 17
VisualStudioVersion = 17.5.33627.172
MinimumVisualStudioVersion = 10.0.40219.1
Project("{2150E333-8FDC-42A3-9474-1A3956D46DE8}") = "1.Server", "1.Server", "{CB49AFA6-E8C6-4003-9B3C-B326D2FA81D2}"
EndProject
Project("{2150E333-8FDC-42A3-9474-1A3956D46DE8}") = "Application", "Application", "{CD6B1EA3-8E79-46A6-B132-D0C04E47BA9A}"
EndProject
Project("{2150E333-8FDC-42A3-9474-1A3956D46DE8}") = "Domain", "Domain", "{84688ABA-5477-4AE9-A56E-D1D9F4B0E7EF}"
EndProject
Project("{2150E333-8FDC-42A3-9474-1A3956D46DE8}") = "Infrastructure", "Infrastructure", "{07668FEA-CDEE-4802-8E15-3AC0873260E1}"
EndProject
Project("{2150E333-8FDC-42A3-9474-1A3956D46DE8}") = "Utility", "Utility", "{48FB3A53-3ECE-46B3-AAE0-7FB4D3C3B1E3}"
EndProject
Project("{9A19103F-16F7-4668-BE54-9A1E7A4F7556}") = "DistributedServices.Api", "DistributedServices.PrincipalContext\DistributedServices.Api.csproj", "{5CC7A2CB-8393-489D-AB6E-F0E0F67A4F98}"
EndProject
Project("{9A19103F-16F7-4668-BE54-9A1E7A4F7556}") = "Utility", "Transversal.DataTranferObjects\Utility.csproj", "{664B9ED1-77C5-4D85-8131-0366E6ECAAED}"
EndProject
Project("{9A19103F-16F7-4668-BE54-9A1E7A4F7556}") = "Domain.PrincipalContext", "Domain.Nucleus\Domain.PrincipalContext.csproj", "{8E4273BC-98F2-4685-A09D-F3C8CCB8C85F}"
EndProject
Project("{9A19103F-16F7-4668-BE54-9A1E7A4F7556}") = "Insfraestructure.PrincipalContext", "Insfraestructure.PrincipalContext\Insfraestructure.PrincipalContext.csproj", "{15067328-D534-4A94-ABFD-9B5FBD90DB13}"
EndProject
Project("{9A19103F-16F7-4668-BE54-9A1E7A4F7556}") = "Application.PrincipalContext", "Application.PrincipalContext\Application.PrincipalContext.csproj", "{91306A81-18AF-4E4B-970E-EB809A38A3D4}"
EndProject
Project("{9A19103F-16F7-4668-BE54-9A1E7A4F7556}") = "Infraestructure.Transversal", "Infraestructure.Transversal\Infraestructure.Transversal.csproj", "{97375AC9-513F-494E-B870-DF98FFFA5B02}"
EndProject
Project("{2150E333-8FDC-42A3-9474-1A3956D46DE8}") = "Common", "Common", "{72207CF2-131C-44FE-8280-7E1936759602}"
EndProject
Global
	GlobalSection(SolutionConfigurationPlatforms) = preSolution
		Debug|Any CPU = Debug|Any CPU
		Release|Any CPU = Release|Any CPU
	EndGlobalSection
	GlobalSection(ProjectConfigurationPlatforms) = postSolution
		{5CC7A2CB-8393-489D-AB6E-F0E0F67A4F98}.Debug|Any CPU.ActiveCfg = Debug|Any CPU
		{5CC7A2CB-8393-489D-AB6E-F0E0F67A4F98}.Debug|Any CPU.Build.0 = Debug|Any CPU
		{5CC7A2CB-8393-489D-AB6E-F0E0F67A4F98}.Release|Any CPU.ActiveCfg = Release|Any CPU
		{5CC7A2CB-8393-489D-AB6E-F0E0F67A4F98}.Release|Any CPU.Build.0 = Release|Any CPU
		{664B9ED1-77C5-4D85-8131-0366E6ECAAED}.Debug|Any CPU.ActiveCfg = Debug|Any CPU
		{664B9ED1-77C5-4D85-8131-0366E6ECAAED}.Debug|Any CPU.Build.0 = Debug|Any CPU
		{664B9ED1-77C5-4D85-8131-0366E6ECAAED}.Release|Any CPU.ActiveCfg = Release|Any CPU
		{664B9ED1-77C5-4D85-8131-0366E6ECAAED}.Release|Any CPU.Build.0 = Release|Any CPU
		{8E4273BC-98F2-4685-A09D-F3C8CCB8C85F}.Debug|Any CPU.ActiveCfg = Debug|Any CPU
		{8E4273BC-98F2-4685-A09D-F3C8CCB8C85F}.Debug|Any CPU.Build.0 = Debug|Any CPU
		{8E4273BC-98F2-4685-A09D-F3C8CCB8C85F}.Release|Any CPU.ActiveCfg = Release|Any CPU
		{8E4273BC-98F2-4685-A09D-F3C8CCB8C85F}.Release|Any CPU.Build.0 = Release|Any CPU
		{15067328-D534-4A94-ABFD-9B5FBD90DB13}.Debug|Any CPU.ActiveCfg = Debug|Any CPU
		{15067328-D534-4A94-ABFD-9B5FBD90DB13}.Debug|Any CPU.Build.0 = Debug|Any CPU
		{15067328-D534-4A94-ABFD-9B5FBD90DB13}.Release|Any CPU.ActiveCfg = Release|Any CPU
		{15067328-D534-4A94-ABFD-9B5FBD90DB13}.Release|Any CPU.Build.0 = Release|Any CPU
		{91306A81-18AF-4E4B-970E-EB809A38A3D4}.Debug|Any CPU.ActiveCfg = Debug|Any CPU
		{91306A81-18AF-4E4B-970E-EB809A38A3D4}.Debug|Any CPU.Build.0 = Debug|Any CPU
		{91306A81-18AF-4E4B-970E-EB809A38A3D4}.Release|Any CPU.ActiveCfg = Release|Any CPU
		{91306A81-18AF-4E4B-970E-EB809A38A3D4}.Release|Any CPU.Build.0 = Release|Any CPU
		{97375AC9-513F-494E-B870-DF98FFFA5B02}.Debug|Any CPU.ActiveCfg = Debug|Any CPU
		{97375AC9-513F-494E-B870-DF98FFFA5B02}.Debug|Any CPU.Build.0 = Debug|Any CPU
		{97375AC9-513F-494E-B870-DF98FFFA5B02}.Release|Any CPU.ActiveCfg = Release|Any CPU
		{97375AC9-513F-494E-B870-DF98FFFA5B02}.Release|Any CPU.Build.0 = Release|Any CPU
	EndGlobalSection
	GlobalSection(SolutionProperties) = preSolution
		HideSolutionNode = FALSE
	EndGlobalSection
	GlobalSection(NestedProjects) = preSolution
		{CD6B1EA3-8E79-46A6-B132-D0C04E47BA9A} = {CB49AFA6-E8C6-4003-9B3C-B326D2FA81D2}
		{84688ABA-5477-4AE9-A56E-D1D9F4B0E7EF} = {CB49AFA6-E8C6-4003-9B3C-B326D2FA81D2}
		{07668FEA-CDEE-4802-8E15-3AC0873260E1} = {CB49AFA6-E8C6-4003-9B3C-B326D2FA81D2}
		{48FB3A53-3ECE-46B3-AAE0-7FB4D3C3B1E3} = {72207CF2-131C-44FE-8280-7E1936759602}
		{5CC7A2CB-8393-489D-AB6E-F0E0F67A4F98} = {07668FEA-CDEE-4802-8E15-3AC0873260E1}
		{664B9ED1-77C5-4D85-8131-0366E6ECAAED} = {48FB3A53-3ECE-46B3-AAE0-7FB4D3C3B1E3}
		{8E4273BC-98F2-4685-A09D-F3C8CCB8C85F} = {84688ABA-5477-4AE9-A56E-D1D9F4B0E7EF}
		{15067328-D534-4A94-ABFD-9B5FBD90DB13} = {07668FEA-CDEE-4802-8E15-3AC0873260E1}
		{91306A81-18AF-4E4B-970E-EB809A38A3D4} = {CD6B1EA3-8E79-46A6-B132-D0C04E47BA9A}
		{97375AC9-513F-494E-B870-DF98FFFA5B02} = {07668FEA-CDEE-4802-8E15-3AC0873260E1}
	EndGlobalSection
	GlobalSection(ExtensibilityGlobals) = postSolution
		SolutionGuid = {CFE93E7D-6EB6-454D-B04B-CD87DD35BACD}
	EndGlobalSection
EndGlobal
