
Microsoft Visual Studio Solution File, Format Version 12.00
# Visual Studio Version 17
VisualStudioVersion = 17.5.33627.172
MinimumVisualStudioVersion = 10.0.40219.1
Project("{2150E333-8FDC-42A3-9474-1A3956D46DE8}") = "1.Server", "1.Server", "{CB49AFA6-E8C6-4003-9B3C-B326D2FA81D2}"
EndProject
Project("{2150E333-8FDC-42A3-9474-1A3956D46DE8}") = "1.1.ApiGateway", "1.1.ApiGateway", "{C1919258-6BBA-4452-A607-D98A7C866396}"
EndProject
Project("{2150E333-8FDC-42A3-9474-1A3956D46DE8}") = "1.2.DistributedServices", "1.2.DistributedServices", "{0F6D1000-7E06-4665-8F45-DDB8DD854550}"
EndProject
Project("{2150E333-8FDC-42A3-9474-1A3956D46DE8}") = "1.3.Application", "1.3.Application", "{CD6B1EA3-8E79-46A6-B132-D0C04E47BA9A}"
EndProject
Project("{2150E333-8FDC-42A3-9474-1A3956D46DE8}") = "1.4.Domain", "1.4.Domain", "{84688ABA-5477-4AE9-A56E-D1D9F4B0E7EF}"
EndProject
Project("{2150E333-8FDC-42A3-9474-1A3956D46DE8}") = "1.5.Infrastructure", "1.5.Infrastructure", "{07668FEA-CDEE-4802-8E15-3AC0873260E1}"
EndProject
Project("{2150E333-8FDC-42A3-9474-1A3956D46DE8}") = "1.6.Transversal", "1.6.Transversal", "{48FB3A53-3ECE-46B3-AAE0-7FB4D3C3B1E3}"
EndProject
Project("{2150E333-8FDC-42A3-9474-1A3956D46DE8}") = "1.2.1.DistributedServices.Context", "1.2.1.DistributedServices.Context", "{69A93223-1745-4C69-BCE5-9117DC64B30A}"
EndProject
Project("{2150E333-8FDC-42A3-9474-1A3956D46DE8}") = "1.5.1.Infrastructure.PrincipalContext", "1.5.1.Infrastructure.PrincipalContext", "{FC7B55A5-E6E5-4AC2-ABB2-A20139519A2D}"
EndProject
Project("{2150E333-8FDC-42A3-9474-1A3956D46DE8}") = "1.5.3.Infrastructure.Transversal", "1.5.3.Infrastructure.Transversal", "{BED69448-2AF5-4CD2-9CEA-05DCB6B3C8B2}"
EndProject
Project("{9A19103F-16F7-4668-BE54-9A1E7A4F7556}") = "DistributedServices.Api", "DistributedServices.PrincipalContext\DistributedServices.Api.csproj", "{5CC7A2CB-8393-489D-AB6E-F0E0F67A4F98}"
EndProject
Project("{2150E333-8FDC-42A3-9474-1A3956D46DE8}") = "1.6.1.Transversal", "1.6.1.Transversal", "{67BE0DC0-2E28-40FA-8FC8-0A217944ED08}"
EndProject
Project("{9A19103F-16F7-4668-BE54-9A1E7A4F7556}") = "Transversal", "Transversal.DataTranferObjects\Transversal.csproj", "{664B9ED1-77C5-4D85-8131-0366E6ECAAED}"
EndProject
Project("{9A19103F-16F7-4668-BE54-9A1E7A4F7556}") = "Domain.PrincipalContext", "Domain.Nucleus\Domain.PrincipalContext.csproj", "{8E4273BC-98F2-4685-A09D-F3C8CCB8C85F}"
EndProject
Project("{9A19103F-16F7-4668-BE54-9A1E7A4F7556}") = "Insfraestructure.PrincipalContext", "Insfraestructure.PrincipalContext\Insfraestructure.PrincipalContext.csproj", "{15067328-D534-4A94-ABFD-9B5FBD90DB13}"
EndProject
Project("{9A19103F-16F7-4668-BE54-9A1E7A4F7556}") = "Application.PrincipalContext", "Application.PrincipalContext\Application.PrincipalContext.csproj", "{91306A81-18AF-4E4B-970E-EB809A38A3D4}"
EndProject
Project("{9A19103F-16F7-4668-BE54-9A1E7A4F7556}") = "Infraestructure.Transversal", "Infraestructure.Transversal\Infraestructure.Transversal.csproj", "{97375AC9-513F-494E-B870-DF98FFFA5B02}"
EndProject
Project("{9A19103F-16F7-4668-BE54-9A1E7A4F7556}") = "ApiGateway", "ApiDataSync\ApiGateway.csproj", "{D70157B0-CC51-4A4C-AE62-4C66D2D38211}"
EndProject
Global
	GlobalSection(SolutionConfigurationPlatforms) = preSolution
		Debug|Any CPU = Debug|Any CPU
		Release|Any CPU = Release|Any CPU
	EndGlobalSection
	GlobalSection(ProjectConfigurationPlatforms) = postSolution
		{5CC7A2CB-8393-489D-AB6E-F0E0F67A4F98}.Debug|Any CPU.ActiveCfg = Debug|Any CPU
		{5CC7A2CB-8393-489D-AB6E-F0E0F67A4F98}.Debug|Any CPU.Build.0 = Debug|Any CPU
		{5CC7A2CB-8393-489D-AB6E-F0E0F67A4F98}.Release|Any CPU.ActiveCfg = Release|Any CPU
		{5CC7A2CB-8393-489D-AB6E-F0E0F67A4F98}.Release|Any CPU.Build.0 = Release|Any CPU
		{664B9ED1-77C5-4D85-8131-0366E6ECAAED}.Debug|Any CPU.ActiveCfg = Debug|Any CPU
		{664B9ED1-77C5-4D85-8131-0366E6ECAAED}.Debug|Any CPU.Build.0 = Debug|Any CPU
		{664B9ED1-77C5-4D85-8131-0366E6ECAAED}.Release|Any CPU.ActiveCfg = Release|Any CPU
		{664B9ED1-77C5-4D85-8131-0366E6ECAAED}.Release|Any CPU.Build.0 = Release|Any CPU
		{8E4273BC-98F2-4685-A09D-F3C8CCB8C85F}.Debug|Any CPU.ActiveCfg = Debug|Any CPU
		{8E4273BC-98F2-4685-A09D-F3C8CCB8C85F}.Debug|Any CPU.Build.0 = Debug|Any CPU
		{8E4273BC-98F2-4685-A09D-F3C8CCB8C85F}.Release|Any CPU.ActiveCfg = Release|Any CPU
		{8E4273BC-98F2-4685-A09D-F3C8CCB8C85F}.Release|Any CPU.Build.0 = Release|Any CPU
		{15067328-D534-4A94-ABFD-9B5FBD90DB13}.Debug|Any CPU.ActiveCfg = Debug|Any CPU
		{15067328-D534-4A94-ABFD-9B5FBD90DB13}.Debug|Any CPU.Build.0 = Debug|Any CPU
		{15067328-D534-4A94-ABFD-9B5FBD90DB13}.Release|Any CPU.ActiveCfg = Release|Any CPU
		{15067328-D534-4A94-ABFD-9B5FBD90DB13}.Release|Any CPU.Build.0 = Release|Any CPU
		{91306A81-18AF-4E4B-970E-EB809A38A3D4}.Debug|Any CPU.ActiveCfg = Debug|Any CPU
		{91306A81-18AF-4E4B-970E-EB809A38A3D4}.Debug|Any CPU.Build.0 = Debug|Any CPU
		{91306A81-18AF-4E4B-970E-EB809A38A3D4}.Release|Any CPU.ActiveCfg = Release|Any CPU
		{91306A81-18AF-4E4B-970E-EB809A38A3D4}.Release|Any CPU.Build.0 = Release|Any CPU
		{97375AC9-513F-494E-B870-DF98FFFA5B02}.Debug|Any CPU.ActiveCfg = Debug|Any CPU
		{97375AC9-513F-494E-B870-DF98FFFA5B02}.Debug|Any CPU.Build.0 = Debug|Any CPU
		{97375AC9-513F-494E-B870-DF98FFFA5B02}.Release|Any CPU.ActiveCfg = Release|Any CPU
		{97375AC9-513F-494E-B870-DF98FFFA5B02}.Release|Any CPU.Build.0 = Release|Any CPU
		{D70157B0-CC51-4A4C-AE62-4C66D2D38211}.Debug|Any CPU.ActiveCfg = Debug|Any CPU
		{D70157B0-CC51-4A4C-AE62-4C66D2D38211}.Debug|Any CPU.Build.0 = Debug|Any CPU
		{D70157B0-CC51-4A4C-AE62-4C66D2D38211}.Release|Any CPU.ActiveCfg = Release|Any CPU
		{D70157B0-CC51-4A4C-AE62-4C66D2D38211}.Release|Any CPU.Build.0 = Release|Any CPU
	EndGlobalSection
	GlobalSection(SolutionProperties) = preSolution
		HideSolutionNode = FALSE
	EndGlobalSection
	GlobalSection(NestedProjects) = preSolution
		{C1919258-6BBA-4452-A607-D98A7C866396} = {CB49AFA6-E8C6-4003-9B3C-B326D2FA81D2}
		{0F6D1000-7E06-4665-8F45-DDB8DD854550} = {CB49AFA6-E8C6-4003-9B3C-B326D2FA81D2}
		{CD6B1EA3-8E79-46A6-B132-D0C04E47BA9A} = {CB49AFA6-E8C6-4003-9B3C-B326D2FA81D2}
		{84688ABA-5477-4AE9-A56E-D1D9F4B0E7EF} = {CB49AFA6-E8C6-4003-9B3C-B326D2FA81D2}
		{07668FEA-CDEE-4802-8E15-3AC0873260E1} = {CB49AFA6-E8C6-4003-9B3C-B326D2FA81D2}
		{48FB3A53-3ECE-46B3-AAE0-7FB4D3C3B1E3} = {CB49AFA6-E8C6-4003-9B3C-B326D2FA81D2}
		{69A93223-1745-4C69-BCE5-9117DC64B30A} = {0F6D1000-7E06-4665-8F45-DDB8DD854550}
		{FC7B55A5-E6E5-4AC2-ABB2-A20139519A2D} = {07668FEA-CDEE-4802-8E15-3AC0873260E1}
		{BED69448-2AF5-4CD2-9CEA-05DCB6B3C8B2} = {07668FEA-CDEE-4802-8E15-3AC0873260E1}
		{5CC7A2CB-8393-489D-AB6E-F0E0F67A4F98} = {69A93223-1745-4C69-BCE5-9117DC64B30A}
		{67BE0DC0-2E28-40FA-8FC8-0A217944ED08} = {48FB3A53-3ECE-46B3-AAE0-7FB4D3C3B1E3}
		{664B9ED1-77C5-4D85-8131-0366E6ECAAED} = {67BE0DC0-2E28-40FA-8FC8-0A217944ED08}
		{8E4273BC-98F2-4685-A09D-F3C8CCB8C85F} = {84688ABA-5477-4AE9-A56E-D1D9F4B0E7EF}
		{15067328-D534-4A94-ABFD-9B5FBD90DB13} = {FC7B55A5-E6E5-4AC2-ABB2-A20139519A2D}
		{91306A81-18AF-4E4B-970E-EB809A38A3D4} = {CD6B1EA3-8E79-46A6-B132-D0C04E47BA9A}
		{97375AC9-513F-494E-B870-DF98FFFA5B02} = {BED69448-2AF5-4CD2-9CEA-05DCB6B3C8B2}
		{D70157B0-CC51-4A4C-AE62-4C66D2D38211} = {C1919258-6BBA-4452-A607-D98A7C866396}
	EndGlobalSection
	GlobalSection(ExtensibilityGlobals) = postSolution
		SolutionGuid = {CFE93E7D-6EB6-454D-B04B-CD87DD35BACD}
	EndGlobalSection
EndGlobal
